
Microsoft Visual Studio Solution File, Format Version 12.00
# Visual Studio Version 17
VisualStudioVersion = 17.4.33110.190
MinimumVisualStudioVersion = 10.0.40219.1
Project("{FAE04EC0-301F-11D3-BF4B-00C04F79EFBC}") = "WindowsFormsApp1", "WindowsFormsApp1\WindowsFormsApp1.csproj", "{05BD1400-FD54-44BB-A6AC-3B2BAB8C036E}"
EndProject
Global
	GlobalSection(SolutionConfigurationPlatforms) = preSolution
		Debug|Any CPU = Debug|Any CPU
		Release|Any CPU = Release|Any CPU
	EndGlobalSection
	GlobalSection(ProjectConfigurationPlatforms) = postSolution
		{05BD1400-FD54-44BB-A6AC-3B2BAB8C036E}.Debug|Any CPU.ActiveCfg = Debug|Any CPU
		{05BD1400-FD54-44BB-A6AC-3B2BAB8C036E}.Debug|Any CPU.Build.0 = Debug|Any CPU
		{05BD1400-FD54-44BB-A6AC-3B2BAB8C036E}.Release|Any CPU.ActiveCfg = Release|Any CPU
		{05BD1400-FD54-44BB-A6AC-3B2BAB8C036E}.Release|Any CPU.Build.0 = Release|Any CPU
	EndGlobalSection
	GlobalSection(SolutionProperties) = preSolution
		HideSolutionNode = FALSE
	EndGlobalSection
	GlobalSection(ExtensibilityGlobals) = postSolution
		SolutionGuid = {D3809D79-C311-4643-B010-474C95B0286D}
	EndGlobalSection
EndGlobal
