
Microsoft Visual Studio Solution File, Format Version 12.00
# Visual Studio Version 17
VisualStudioVersion = 17.4.33110.190
MinimumVisualStudioVersion = 10.0.40219.1
Project("{FAE04EC0-301F-11D3-BF4B-00C04F79EFBC}") = "Lista de articulos", "Lista de articulos\Lista de articulos.csproj", "{28D2B064-68B9-419E-B3B7-25A39383C85D}"
EndProject
Project("{FAE04EC0-301F-11D3-BF4B-00C04F79EFBC}") = "Dominio", "Dominio1\Dominio.csproj", "{58E44187-73E3-4D29-B8D4-27E9B593BAD2}"
EndProject
Global
	GlobalSection(SolutionConfigurationPlatforms) = preSolution
		Debug|Any CPU = Debug|Any CPU
		Release|Any CPU = Release|Any CPU
	EndGlobalSection
	GlobalSection(ProjectConfigurationPlatforms) = postSolution
		{28D2B064-68B9-419E-B3B7-25A39383C85D}.Debug|Any CPU.ActiveCfg = Debug|Any CPU
		{28D2B064-68B9-419E-B3B7-25A39383C85D}.Debug|Any CPU.Build.0 = Debug|Any CPU
		{28D2B064-68B9-419E-B3B7-25A39383C85D}.Release|Any CPU.ActiveCfg = Release|Any CPU
		{28D2B064-68B9-419E-B3B7-25A39383C85D}.Release|Any CPU.Build.0 = Release|Any CPU
		{58E44187-73E3-4D29-B8D4-27E9B593BAD2}.Debug|Any CPU.ActiveCfg = Debug|Any CPU
		{58E44187-73E3-4D29-B8D4-27E9B593BAD2}.Debug|Any CPU.Build.0 = Debug|Any CPU
		{58E44187-73E3-4D29-B8D4-27E9B593BAD2}.Release|Any CPU.ActiveCfg = Release|Any CPU
		{58E44187-73E3-4D29-B8D4-27E9B593BAD2}.Release|Any CPU.Build.0 = Release|Any CPU
	EndGlobalSection
	GlobalSection(SolutionProperties) = preSolution
		HideSolutionNode = FALSE
	EndGlobalSection
	GlobalSection(ExtensibilityGlobals) = postSolution
		SolutionGuid = {B9913991-0F04-4F3B-A37E-A8247D4F6A28}
	EndGlobalSection
EndGlobal
