
Microsoft Visual Studio Solution File, Format Version 12.00
# Visual Studio Version 17
VisualStudioVersion = 17.4.33110.190
MinimumVisualStudioVersion = 10.0.40219.1
Project("{FAE04EC0-301F-11D3-BF4B-00C04F79EFBC}") = "desafio 1", "desafio 1\desafio 1.csproj", "{51147C2F-C8E1-4189-8D38-5A36557DD23F}"
EndProject
Global
	GlobalSection(SolutionConfigurationPlatforms) = preSolution
		Debug|Any CPU = Debug|Any CPU
		Release|Any CPU = Release|Any CPU
	EndGlobalSection
	GlobalSection(ProjectConfigurationPlatforms) = postSolution
		{51147C2F-C8E1-4189-8D38-5A36557DD23F}.Debug|Any CPU.ActiveCfg = Debug|Any CPU
		{51147C2F-C8E1-4189-8D38-5A36557DD23F}.Debug|Any CPU.Build.0 = Debug|Any CPU
		{51147C2F-C8E1-4189-8D38-5A36557DD23F}.Release|Any CPU.ActiveCfg = Release|Any CPU
		{51147C2F-C8E1-4189-8D38-5A36557DD23F}.Release|Any CPU.Build.0 = Release|Any CPU
	EndGlobalSection
	GlobalSection(SolutionProperties) = preSolution
		HideSolutionNode = FALSE
	EndGlobalSection
	GlobalSection(ExtensibilityGlobals) = postSolution
		SolutionGuid = {9281A1D9-5C4C-4FD5-907B-A39FB623C242}
	EndGlobalSection
EndGlobal
