
Microsoft Visual Studio Solution File, Format Version 12.00
# Visual Studio Version 17
VisualStudioVersion = 17.4.33110.190
MinimumVisualStudioVersion = 10.0.40219.1
Project("{FAE04EC0-301F-11D3-BF4B-00C04F79EFBC}") = "practica 5 ( formulario datos)", "..\aplicaciones window 1\practica 5 ( formulario datos)\practica 5 ( formulario datos).csproj", "{672623A3-A8E9-4E1A-BAD8-436F9598B31E}"
EndProject
Global
	GlobalSection(SolutionConfigurationPlatforms) = preSolution
		Debug|Any CPU = Debug|Any CPU
		Release|Any CPU = Release|Any CPU
	EndGlobalSection
	GlobalSection(ProjectConfigurationPlatforms) = postSolution
		{672623A3-A8E9-4E1A-BAD8-436F9598B31E}.Debug|Any CPU.ActiveCfg = Debug|Any CPU
		{672623A3-A8E9-4E1A-BAD8-436F9598B31E}.Debug|Any CPU.Build.0 = Debug|Any CPU
		{672623A3-A8E9-4E1A-BAD8-436F9598B31E}.Release|Any CPU.ActiveCfg = Release|Any CPU
		{672623A3-A8E9-4E1A-BAD8-436F9598B31E}.Release|Any CPU.Build.0 = Release|Any CPU
	EndGlobalSection
	GlobalSection(SolutionProperties) = preSolution
		HideSolutionNode = FALSE
	EndGlobalSection
	GlobalSection(ExtensibilityGlobals) = postSolution
		SolutionGuid = {CE8D3285-E986-47E1-BE12-0D93CEB15F9A}
	EndGlobalSection
EndGlobal
