
Microsoft Visual Studio Solution File, Format Version 12.00
# Visual Studio Version 17
VisualStudioVersion = 17.4.33110.190
MinimumVisualStudioVersion = 10.0.40219.1
Project("{FAE04EC0-301F-11D3-BF4B-00C04F79EFBC}") = "ejemplo1", "ejemplo1\ejemplo1.csproj", "{48B0C850-F8D7-483D-8158-466B1BD774E7}"
EndProject
Global
	GlobalSection(SolutionConfigurationPlatforms) = preSolution
		Debug|Any CPU = Debug|Any CPU
		Release|Any CPU = Release|Any CPU
	EndGlobalSection
	GlobalSection(ProjectConfigurationPlatforms) = postSolution
		{48B0C850-F8D7-483D-8158-466B1BD774E7}.Debug|Any CPU.ActiveCfg = Debug|Any CPU
		{48B0C850-F8D7-483D-8158-466B1BD774E7}.Debug|Any CPU.Build.0 = Debug|Any CPU
		{48B0C850-F8D7-483D-8158-466B1BD774E7}.Release|Any CPU.ActiveCfg = Release|Any CPU
		{48B0C850-F8D7-483D-8158-466B1BD774E7}.Release|Any CPU.Build.0 = Release|Any CPU
	EndGlobalSection
	GlobalSection(SolutionProperties) = preSolution
		HideSolutionNode = FALSE
	EndGlobalSection
	GlobalSection(ExtensibilityGlobals) = postSolution
		SolutionGuid = {33F21EE3-A004-42D0-8C83-36D866195707}
	EndGlobalSection
EndGlobal
